
Microsoft Visual Studio Solution File, Format Version 12.00
# Visual Studio Version 17
VisualStudioVersion = 17.4.33122.133
MinimumVisualStudioVersion = 10.0.40219.1
Project("{FAE04EC0-301F-11D3-BF4B-00C04F79EFBC}") = "GetReadXml", "GetReadXml.csproj", "{8743BDF5-7C58-4A66-9C95-0F2CE4F9F809}"
EndProject
Global
	GlobalSection(SolutionConfigurationPlatforms) = preSolution
		Debug|Any CPU = Debug|Any CPU
		Release|Any CPU = Release|Any CPU
	EndGlobalSection
	GlobalSection(ProjectConfigurationPlatforms) = postSolution
		{8743BDF5-7C58-4A66-9C95-0F2CE4F9F809}.Debug|Any CPU.ActiveCfg = Debug|Any CPU
		{8743BDF5-7C58-4A66-9C95-0F2CE4F9F809}.Debug|Any CPU.Build.0 = Debug|Any CPU
		{8743BDF5-7C58-4A66-9C95-0F2CE4F9F809}.Release|Any CPU.ActiveCfg = Release|Any CPU
		{8743BDF5-7C58-4A66-9C95-0F2CE4F9F809}.Release|Any CPU.Build.0 = Release|Any CPU
	EndGlobalSection
	GlobalSection(SolutionProperties) = preSolution
		HideSolutionNode = FALSE
	EndGlobalSection
	GlobalSection(ExtensibilityGlobals) = postSolution
		SolutionGuid = {9C814041-7EF0-4A5F-BA70-6707CB3BE610}
	EndGlobalSection
EndGlobal
